
Microsoft Visual Studio Solution File, Format Version 12.00
# Visual Studio Version 17
VisualStudioVersion = 17.10.35004.147
MinimumVisualStudioVersion = 10.0.40219.1
Project("{FAE04EC0-301F-11D3-BF4B-00C04F79EFBC}") = "CSharpBasics_T001", "CSharpBasics_T001\CSharpBasics_T001.csproj", "{01512C98-D4FA-4067-AC58-CC754B68DB02}"
EndProject
Project("{FAE04EC0-301F-11D3-BF4B-00C04F79EFBC}") = "CSharpBasics_T002", "CSharpBasics_T002\CSharpBasics_T002.csproj", "{255FA531-F978-4083-A1C2-3E14C5664F37}"
EndProject
Project("{FAE04EC0-301F-11D3-BF4B-00C04F79EFBC}") = "CSharpBasics_T003", "CSharpBasics_T003\CSharpBasics_T003.csproj", "{C41BDEAA-8840-4125-8E50-6DBA1C177C94}"
EndProject
Project("{FAE04EC0-301F-11D3-BF4B-00C04F79EFBC}") = "CSharpBasics_T004", "CSharpBasics_T004\CSharpBasics_T004.csproj", "{3A3BBEED-0AF5-4543-BCBB-E53E4B3B63AA}"
EndProject
Project("{FAE04EC0-301F-11D3-BF4B-00C04F79EFBC}") = "CSharpBasics_T005", "CSharpBasics_T005\CSharpBasics_T005.csproj", "{93F29B25-5CE7-4C75-8E30-00378911B36E}"
EndProject
Project("{FAE04EC0-301F-11D3-BF4B-00C04F79EFBC}") = "CSharpBasics_T006", "CSharpBasics_T006\CSharpBasics_T006.csproj", "{7D03EDDD-4509-4DF3-84D2-3BB91A02576C}"
EndProject
Project("{FAE04EC0-301F-11D3-BF4B-00C04F79EFBC}") = "CSharpBasics_T007", "CSharpBasics_T007\CSharpBasics_T007.csproj", "{E5347EAE-6C5C-4918-B4D2-5EEB939D6BE6}"
EndProject
Project("{FAE04EC0-301F-11D3-BF4B-00C04F79EFBC}") = "CSharpBasics_T008", "CSharpBasics_T008\CSharpBasics_T008.csproj", "{8BD13206-8DD0-4083-9F6A-EC70A7A00130}"
EndProject
Project("{FAE04EC0-301F-11D3-BF4B-00C04F79EFBC}") = "CSharpBasics_T009", "CSharpBasics_T009\CSharpBasics_T009.csproj", "{6D86446C-2595-445B-8757-92A91A298DDF}"
EndProject
Project("{FAE04EC0-301F-11D3-BF4B-00C04F79EFBC}") = "CSharpBasics_T010", "CSharpBasics_T010\CSharpBasics_T010.csproj", "{5A4C616C-882A-4D8E-A06A-85B4B698EC00}"
EndProject
Project("{FAE04EC0-301F-11D3-BF4B-00C04F79EFBC}") = "CSharpBasics_T011", "CSharpBasics_T011\CSharpBasics_T011.csproj", "{EB54B398-C5D2-4B82-9A3D-F3D66D75474A}"
EndProject
Project("{FAE04EC0-301F-11D3-BF4B-00C04F79EFBC}") = "CSharpBasics_T012", "CSharpBasics_T012\CSharpBasics_T012.csproj", "{D8E923D1-470C-4D6D-80DE-F782BBE9C326}"
EndProject
Project("{FAE04EC0-301F-11D3-BF4B-00C04F79EFBC}") = "CSharpBasics_T013", "CSharpBasics_T013\CSharpBasics_T013.csproj", "{147989D3-DCBC-41AD-BD15-298A42DE88B7}"
EndProject
Project("{FAE04EC0-301F-11D3-BF4B-00C04F79EFBC}") = "CSharpBasics_T014", "CSharpBasics_T014\CSharpBasics_T014.csproj", "{ED3F9A0D-2510-453C-9017-055BC4C4182B}"
EndProject
Project("{FAE04EC0-301F-11D3-BF4B-00C04F79EFBC}") = "CSharpBasics_T015", "CSharpBasics_T015\CSharpBasics_T015.csproj", "{703F042E-7361-46A1-8C1A-4145DBF99102}"
EndProject
Project("{FAE04EC0-301F-11D3-BF4B-00C04F79EFBC}") = "CSharpBasics_T016", "CSharpBasics_T016\CSharpBasics_T016.csproj", "{F5651C13-0880-4BF8-B67E-6E22A07CAE8E}"
EndProject
Project("{FAE04EC0-301F-11D3-BF4B-00C04F79EFBC}") = "CSharpBasics_T017", "CSharpBasics_T017\CSharpBasics_T017.csproj", "{65F2138A-3E16-4951-8D35-5CF514FF067E}"
EndProject
Project("{FAE04EC0-301F-11D3-BF4B-00C04F79EFBC}") = "CSharpBasics_T018", "CSharpBasics_T018\CSharpBasics_T018.csproj", "{4E7472D2-BD0B-4628-96FD-3453EC03B688}"
EndProject
Project("{FAE04EC0-301F-11D3-BF4B-00C04F79EFBC}") = "CSharpBasics_T019", "CSharpBasics_T019\CSharpBasics_T019.csproj", "{902FC583-F556-489A-B16F-B878FBB3C5E2}"
EndProject
Project("{FAE04EC0-301F-11D3-BF4B-00C04F79EFBC}") = "CSharpBasics_T020", "CSharpBasics_T020\CSharpBasics_T020.csproj", "{925C5A2E-CDD1-4D7C-9D54-827DCE5D0BC3}"
EndProject
Project("{FAE04EC0-301F-11D3-BF4B-00C04F79EFBC}") = "CSharpBasics_T021", "CSharpBasics_T021\CSharpBasics_T021.csproj", "{531CEB64-F1DD-40D7-9D46-7F806A32E295}"
EndProject
Project("{FAE04EC0-301F-11D3-BF4B-00C04F79EFBC}") = "CSharpBasics_T022", "CSharpBasics_T022\CSharpBasics_T022.csproj", "{257731BF-6AEF-4044-94AB-C126DE266890}"
EndProject
Project("{FAE04EC0-301F-11D3-BF4B-00C04F79EFBC}") = "CSharpBasics_T023", "CSharpBasics_T023\CSharpBasics_T023.csproj", "{92B85348-8A19-44F5-9580-0CB5FBF315FD}"
EndProject
Project("{FAE04EC0-301F-11D3-BF4B-00C04F79EFBC}") = "CSharpBasics_T024", "CSharpBasics_T024\CSharpBasics_T024.csproj", "{7CF23DFD-2250-415E-95A6-CCB6764F22AA}"
EndProject
Project("{FAE04EC0-301F-11D3-BF4B-00C04F79EFBC}") = "CSharpBasics_T025", "CSharpBasics_T025\CSharpBasics_T025.csproj", "{51717C99-2D8A-43ED-AB59-36200FC4B25D}"
EndProject
Project("{FAE04EC0-301F-11D3-BF4B-00C04F79EFBC}") = "CSharpBasics_T026", "CSharpBasics_T026\CSharpBasics_T026.csproj", "{18E57012-C446-40B4-87FA-C5D6724C5051}"
EndProject
Project("{FAE04EC0-301F-11D3-BF4B-00C04F79EFBC}") = "CSharpBasics_T027", "CSharpBasics_T027\CSharpBasics_T027.csproj", "{656A1F0B-AE95-42FE-B69E-2D3863360754}"
EndProject
Project("{FAE04EC0-301F-11D3-BF4B-00C04F79EFBC}") = "CSharpBasics_T028", "CSharpBasics_T028\CSharpBasics_T028.csproj", "{87912673-B159-4CFC-BD39-77A1F76A026B}"
EndProject
Project("{FAE04EC0-301F-11D3-BF4B-00C04F79EFBC}") = "CSharpBasics_T029", "CSharpBasics_T029\CSharpBasics_T029.csproj", "{8D724F42-4F96-4C90-87B9-641414C303FC}"
EndProject
Project("{FAE04EC0-301F-11D3-BF4B-00C04F79EFBC}") = "CSharpBasics_T030", "CSharpBasics_T030\CSharpBasics_T030.csproj", "{92C21125-DF6F-4CA7-B8B7-F2AF9A7958CB}"
EndProject
Project("{FAE04EC0-301F-11D3-BF4B-00C04F79EFBC}") = "CSharpBasics_T031", "CSharpBasics_T031\CSharpBasics_T031.csproj", "{39AE69FA-67E2-45FD-BE04-10C67FBDE4C1}"
EndProject
Project("{FAE04EC0-301F-11D3-BF4B-00C04F79EFBC}") = "CSharpBasics_T032", "CSharpBasics_T032\CSharpBasics_T032.csproj", "{2F9E56BA-CCB0-4649-A4B8-028B08E63A1A}"
EndProject
Project("{FAE04EC0-301F-11D3-BF4B-00C04F79EFBC}") = "CSharpBasics_T033", "CSharpBasics_T033\CSharpBasics_T033.csproj", "{65875ED1-4F3D-4833-B397-9DC051148C4E}"
EndProject
Project("{FAE04EC0-301F-11D3-BF4B-00C04F79EFBC}") = "CSharpBasics_T034", "CSharpBasics_T034\CSharpBasics_T034.csproj", "{EBEDB21C-FFA8-4ECB-AF96-AF598B1BAD92}"
EndProject
Project("{FAE04EC0-301F-11D3-BF4B-00C04F79EFBC}") = "CSharpBasics_T035", "CSharpBasics_T035\CSharpBasics_T035.csproj", "{8BC28CF2-2E09-4ADE-8AE6-D445DF07F664}"
EndProject
Project("{FAE04EC0-301F-11D3-BF4B-00C04F79EFBC}") = "CSharpBasics_T036", "CSharpBasics_T036\CSharpBasics_T036.csproj", "{C5E418CE-F7D7-4FFE-922C-631E5646EA16}"
EndProject
Project("{FAE04EC0-301F-11D3-BF4B-00C04F79EFBC}") = "CSharpBasics_T037", "CSharpBasics_T037\CSharpBasics_T037.csproj", "{C8653E13-0D3E-43CC-B053-137FD32F10E3}"
EndProject
Project("{FAE04EC0-301F-11D3-BF4B-00C04F79EFBC}") = "CSharpBasics_T038", "CSharpBasics_T038\CSharpBasics_T038.csproj", "{2A132C7F-A7B4-41CB-ADF2-74A55684A0CD}"
EndProject
Project("{FAE04EC0-301F-11D3-BF4B-00C04F79EFBC}") = "CSharpBasics_T039", "CSharpBasics_T039\CSharpBasics_T039.csproj", "{5FE08BE8-ADC0-495F-96CF-9BA7A9025B33}"
EndProject
Project("{FAE04EC0-301F-11D3-BF4B-00C04F79EFBC}") = "CSharpBasics_T040", "CSharpBasics_T040\CSharpBasics_T040.csproj", "{F7CFFA90-4B2C-40FF-8633-14180762CCC5}"
EndProject
Project("{FAE04EC0-301F-11D3-BF4B-00C04F79EFBC}") = "CSharpBasics_T041", "CSharpBasics_T041\CSharpBasics_T041.csproj", "{30619CAF-0500-4410-9BAF-56D98B5AB5B7}"
EndProject
Project("{FAE04EC0-301F-11D3-BF4B-00C04F79EFBC}") = "CSharpBasics_T042", "CSharpBasics_T042\CSharpBasics_T042.csproj", "{968DDA39-AD2A-4BA1-9700-31DCA4415021}"
EndProject
Project("{FAE04EC0-301F-11D3-BF4B-00C04F79EFBC}") = "CSharpBasics_T043", "CSharpBasics_T043\CSharpBasics_T043.csproj", "{4A060187-A1E0-4441-9F3F-EAF2B481FCA2}"
EndProject
Project("{FAE04EC0-301F-11D3-BF4B-00C04F79EFBC}") = "CSharpBasics_T044", "CSharpBasics_T044\CSharpBasics_T044.csproj", "{C00EC258-48E1-4333-90E9-CCE69250C975}"
EndProject
Project("{FAE04EC0-301F-11D3-BF4B-00C04F79EFBC}") = "CSharpBasics_T045", "CSharpBasics_T045\CSharpBasics_T045.csproj", "{3402E0A7-0AF4-4866-B70E-C5E9A12B91B0}"
EndProject
Project("{FAE04EC0-301F-11D3-BF4B-00C04F79EFBC}") = "CSharpBasics_T046", "CSharpBasics_T046\CSharpBasics_T046.csproj", "{AEB5998B-EEBA-44D4-9E9F-74E7E3F58A39}"
EndProject
Project("{FAE04EC0-301F-11D3-BF4B-00C04F79EFBC}") = "CSharpBasics_T047", "CSharpBasics_T047\CSharpBasics_T047.csproj", "{DB973C05-8281-4422-8B09-055898D6DB04}"
EndProject
Project("{FAE04EC0-301F-11D3-BF4B-00C04F79EFBC}") = "CSharpBasics_T048", "CSharpBasics_T048\CSharpBasics_T048.csproj", "{16FCE004-5F0E-40B0-9901-61AF35172EF1}"
EndProject
Project("{FAE04EC0-301F-11D3-BF4B-00C04F79EFBC}") = "CSharpBasics_T049", "CSharpBasics_T049\CSharpBasics_T049.csproj", "{14ADAE1D-F71D-45DD-995A-FA6E6869C765}"
EndProject
Project("{FAE04EC0-301F-11D3-BF4B-00C04F79EFBC}") = "CSharpBasics_T050_1", "CSharpBasics_T050_1\CSharpBasics_T050_1.csproj", "{3705F116-55A9-4033-A12B-E3A6350A9678}"
EndProject
Project("{FAE04EC0-301F-11D3-BF4B-00C04F79EFBC}") = "CSharpBasics_T050_2", "CSharpBasics_T050_2\CSharpBasics_T050_2.csproj", "{3DC03DBD-6947-401F-BD1A-1D64A244D19F}"
EndProject
Project("{FAE04EC0-301F-11D3-BF4B-00C04F79EFBC}") = "CSharpBasics_T051_1", "CSharpBasics_T051_1\CSharpBasics_T051_1.csproj", "{2BDA99C9-D608-4A00-B221-22EC7480E09C}"
EndProject
Project("{FAE04EC0-301F-11D3-BF4B-00C04F79EFBC}") = "CSharpBasics_T051_2", "CSharpBasics_T051_2\CSharpBasics_T051_2.csproj", "{7DCEC741-67ED-432D-A795-CF74D83C713E}"
EndProject
Project("{FAE04EC0-301F-11D3-BF4B-00C04F79EFBC}") = "CSharpBasics_T052", "CSharpBasics_T052\CSharpBasics_T052.csproj", "{43F16F9E-5E45-456D-AE50-DC1C9453DEF9}"
EndProject
Project("{FAE04EC0-301F-11D3-BF4B-00C04F79EFBC}") = "CSharpBasics_T053", "CSharpBasics_T053\CSharpBasics_T053.csproj", "{DBA347DC-EA5D-40E1-893F-46B799797988}"
EndProject
Project("{FAE04EC0-301F-11D3-BF4B-00C04F79EFBC}") = "CSharpBasics_T054", "CSharpBasics_T054\CSharpBasics_T054.csproj", "{9EE8420D-A6B9-47F6-826D-EDD7294A0E8A}"
EndProject
Project("{FAE04EC0-301F-11D3-BF4B-00C04F79EFBC}") = "CSharpBasics_T055", "CSharpBasics_T055\CSharpBasics_T055.csproj", "{837B3CD1-F050-4703-AD53-25BF470E5A79}"
EndProject
Project("{FAE04EC0-301F-11D3-BF4B-00C04F79EFBC}") = "CSharpBasics_T056", "CSharpBasics_T056\CSharpBasics_T056.csproj", "{526E591A-8B31-4720-831A-F6BCBBAD47D9}"
EndProject
Project("{FAE04EC0-301F-11D3-BF4B-00C04F79EFBC}") = "CSharpBasics_T057", "CSharpBasics_T057\CSharpBasics_T057.csproj", "{F4733512-6B5B-4E82-96ED-2040EAA766BF}"
EndProject
Project("{FAE04EC0-301F-11D3-BF4B-00C04F79EFBC}") = "CSharpBasics_T058", "CSharpBasics_T058\CSharpBasics_T058.csproj", "{560BBD39-75D4-4552-B534-B58EEBCF2FEE}"
EndProject
Project("{FAE04EC0-301F-11D3-BF4B-00C04F79EFBC}") = "CSharpBasics_T059", "CSharpBasics_T059\CSharpBasics_T059.csproj", "{AF23ED64-31C6-414D-8054-D54CB394687B}"
EndProject
Project("{FAE04EC0-301F-11D3-BF4B-00C04F79EFBC}") = "CSharpBasics_T060", "CSharpBasics_T060\CSharpBasics_T060.csproj", "{C1AEAD08-1EE5-4AD1-A3F9-3D32B675D3F0}"
EndProject
Project("{FAE04EC0-301F-11D3-BF4B-00C04F79EFBC}") = "CSharpBasics_T061", "CSharpBasics_T061\CSharpBasics_T061.csproj", "{35C43708-56AD-4463-A1C5-85DC2648D5CF}"
EndProject
Project("{FAE04EC0-301F-11D3-BF4B-00C04F79EFBC}") = "CSharpBasics_T062", "CSharpBasics_T062\CSharpBasics_T062.csproj", "{C1FC83DE-9021-4179-B6BD-F27A6CCF1B44}"
EndProject
Project("{FAE04EC0-301F-11D3-BF4B-00C04F79EFBC}") = "CSharpBasics_T063", "CSharpBasics_T063\CSharpBasics_T063.csproj", "{4D4CAE4E-16F1-48F8-A958-41E14FD5A9F4}"
EndProject
Project("{FAE04EC0-301F-11D3-BF4B-00C04F79EFBC}") = "CSharpBasics_T065", "CSharpBasics_T065\CSharpBasics_T065.csproj", "{215B6343-B006-4605-8880-423D9F6958C9}"
EndProject
Project("{FAE04EC0-301F-11D3-BF4B-00C04F79EFBC}") = "CSharpBasics_T066", "CSharpBasics_T066\CSharpBasics_T066.csproj", "{0D2CC8A7-08DC-4BC6-9227-5AE123EF6C55}"
EndProject
Project("{FAE04EC0-301F-11D3-BF4B-00C04F79EFBC}") = "CSharpBasics_T067", "CSharpBasics_T067\CSharpBasics_T067.csproj", "{D9A793BD-13A0-40EE-A423-886815F37806}"
EndProject
Project("{FAE04EC0-301F-11D3-BF4B-00C04F79EFBC}") = "CSharpBasics_T068", "CSharpBasics_T068\CSharpBasics_T068.csproj", "{CB1FEAB8-470D-492A-96A5-59AE403A0828}"
EndProject
Project("{FAE04EC0-301F-11D3-BF4B-00C04F79EFBC}") = "CSharpBasics_T069", "CSharpBasics_T069\CSharpBasics_T069.csproj", "{9D13755A-E40C-4915-ADEF-3A17C3402649}"
EndProject
Project("{FAE04EC0-301F-11D3-BF4B-00C04F79EFBC}") = "CSharpBasics_T070", "CSharpBasics_T070\CSharpBasics_T070.csproj", "{F569EDAD-FA78-4C34-81E8-1B03448ECDCC}"
EndProject
Project("{FAE04EC0-301F-11D3-BF4B-00C04F79EFBC}") = "CSharpBasics_T072", "CSharpBasics_T072\CSharpBasics_T072.csproj", "{ACBAEDA6-15BA-4842-AB3B-AD0DBC3D18F3}"
EndProject
Project("{FAE04EC0-301F-11D3-BF4B-00C04F79EFBC}") = "CSharpBasics_T073", "CSharpBasics_T073\CSharpBasics_T073.csproj", "{FE7F504C-69E7-4F24-A5FC-56643BEFE8D1}"
EndProject
Project("{FAE04EC0-301F-11D3-BF4B-00C04F79EFBC}") = "CSharpBasics_T074", "CSharpBasics_T074\CSharpBasics_T074.csproj", "{62EF5F31-A8FE-48E4-806E-8575FDEFFAA1}"
EndProject
Project("{FAE04EC0-301F-11D3-BF4B-00C04F79EFBC}") = "CSharpBasics_T075", "CSharpBasics_T075\CSharpBasics_T075.csproj", "{136FD389-67FC-40B5-8495-1DCA6CD2C50D}"
EndProject
Project("{FAE04EC0-301F-11D3-BF4B-00C04F79EFBC}") = "CSharpBasics_T076", "CSharpBasics_T076\CSharpBasics_T076.csproj", "{95AD41B2-B10A-4BE7-9535-F7A4EAAF1AE4}"
EndProject
Project("{FAE04EC0-301F-11D3-BF4B-00C04F79EFBC}") = "CSharpBasics_T077", "CSharpBasics_T077\CSharpBasics_T077.csproj", "{1CB252F0-EF8D-4AD2-AF24-0195A458CB4F}"
EndProject
Project("{FAE04EC0-301F-11D3-BF4B-00C04F79EFBC}") = "CSharpBasics_T078", "CSharpBasics_T078\CSharpBasics_T078.csproj", "{DFFD7662-5E6D-4C77-AB4C-32CAB8279387}"
EndProject
Project("{FAE04EC0-301F-11D3-BF4B-00C04F79EFBC}") = "CSharpBasics_T079", "CSharpBasics_T079\CSharpBasics_T079.csproj", "{FADBBB52-FAAF-4D85-A892-B992A8C5ADC6}"
EndProject
Project("{FAE04EC0-301F-11D3-BF4B-00C04F79EFBC}") = "CSharpBasics_T080", "CSharpBasics_T080\CSharpBasics_T080.csproj", "{9A787606-1B79-43F9-A885-37D15C2CE35B}"
EndProject
Project("{FAE04EC0-301F-11D3-BF4B-00C04F79EFBC}") = "CSharpBasics_T081", "CSharpBasics_T081\CSharpBasics_T081.csproj", "{DAE15485-9DD5-4B2D-AEF8-5B5886DFFBCA}"
EndProject
Project("{FAE04EC0-301F-11D3-BF4B-00C04F79EFBC}") = "CSharpBasics_T082", "CSharpBasics_T082\CSharpBasics_T082.csproj", "{3CF9DAF7-80CF-4869-9A70-C1231A2363CE}"
EndProject
Project("{FAE04EC0-301F-11D3-BF4B-00C04F79EFBC}") = "CSharpBasics_T083", "CSharpBasics_T083\CSharpBasics_T083.csproj", "{79181746-8CA6-4D0F-B178-AF50E7A4987B}"
EndProject
Project("{FAE04EC0-301F-11D3-BF4B-00C04F79EFBC}") = "CSharpBasics_T086", "CSharpBasics_T086\CSharpBasics_T086.csproj", "{B17A2F0A-0E84-423D-AA8F-612F44485BAD}"
EndProject
Project("{FAE04EC0-301F-11D3-BF4B-00C04F79EFBC}") = "CSharpBasics_T088", "CSharpBasics_T088\CSharpBasics_T088.csproj", "{1D45D858-4A6D-4909-99A8-92903D32408A}"
EndProject
Project("{FAE04EC0-301F-11D3-BF4B-00C04F79EFBC}") = "CSharpBasics_T089", "CSharpBasics_T089\CSharpBasics_T089.csproj", "{8AF42EA4-E01A-4BC6-A956-26B40B4EC6CA}"
EndProject
Project("{FAE04EC0-301F-11D3-BF4B-00C04F79EFBC}") = "CSharpBasics_T090", "CSharpBasics_T090\CSharpBasics_T090.csproj", "{CD92E389-2001-4B07-963A-40C9FB05ADB5}"
EndProject
Project("{FAE04EC0-301F-11D3-BF4B-00C04F79EFBC}") = "CSharpBasics_T091", "CSharpBasics_T091\CSharpBasics_T091.csproj", "{F2B24B78-DA5D-498F-A339-60EE8F79CD24}"
EndProject
Project("{FAE04EC0-301F-11D3-BF4B-00C04F79EFBC}") = "CSharpBasics_T092", "CSharpBasics_T092\CSharpBasics_T092.csproj", "{05C4C1DE-EA35-4162-8681-D2AD313A40A5}"
EndProject
Project("{FAE04EC0-301F-11D3-BF4B-00C04F79EFBC}") = "CSharpBasics_T093", "CSharpBasics_T093\CSharpBasics_T093.csproj", "{DA7D3C1B-D90E-416D-A39C-478CF2BF129B}"
EndProject
Project("{FAE04EC0-301F-11D3-BF4B-00C04F79EFBC}") = "CSharpBasics_T094", "CSharpBasics_T094\CSharpBasics_T094.csproj", "{2B7C3D30-51A5-48FA-8072-B18C74DC4A32}"
EndProject
Project("{FAE04EC0-301F-11D3-BF4B-00C04F79EFBC}") = "CSharpBasics_T095", "CSharpBasics_T095\CSharpBasics_T095.csproj", "{3E24CDCF-C2AE-4B99-BB48-CAC240020119}"
EndProject
Project("{FAE04EC0-301F-11D3-BF4B-00C04F79EFBC}") = "CSharpBasics_T096", "CSharpBasics_T096\CSharpBasics_T096.csproj", "{5154E246-EE44-4CA9-BE72-0FD17F7E367A}"
EndProject
Project("{FAE04EC0-301F-11D3-BF4B-00C04F79EFBC}") = "CSharpBasics_T097", "CSharpBasics_T097\CSharpBasics_T097.csproj", "{552A6C56-F38A-489F-AD8C-9A4F825C91DB}"
EndProject
Project("{FAE04EC0-301F-11D3-BF4B-00C04F79EFBC}") = "CSharpBasics_T098", "CSharpBasics_T098\CSharpBasics_T098.csproj", "{70E61A24-1D00-46CC-B32F-F1F430FF820D}"
EndProject
Project("{FAE04EC0-301F-11D3-BF4B-00C04F79EFBC}") = "CSharpBasics_T099", "CSharpBasics_T099\CSharpBasics_T099.csproj", "{3EE86E6C-A06A-4B06-88C7-6BBC685BB16B}"
EndProject
Project("{FAE04EC0-301F-11D3-BF4B-00C04F79EFBC}") = "CSharpBasics_T100", "CSharpBasics_T100\CSharpBasics_T100.csproj", "{444C7E3A-43F1-4D12-89EE-95D0982788AF}"
EndProject
Project("{FAE04EC0-301F-11D3-BF4B-00C04F79EFBC}") = "CSharpBasics_T101", "CSharpBasics_T101\CSharpBasics_T101.csproj", "{1A5365B4-001A-4106-A665-98E8D12F8C9E}"
EndProject
Project("{FAE04EC0-301F-11D3-BF4B-00C04F79EFBC}") = "CSharpBasics_T102", "CSharpBasics_T102\CSharpBasics_T102.csproj", "{19977EDC-3836-4C4D-8BC7-E85C9D5D9D30}"
EndProject
Global
	GlobalSection(SolutionConfigurationPlatforms) = preSolution
		Debug|Any CPU = Debug|Any CPU
		Release|Any CPU = Release|Any CPU
	EndGlobalSection
	GlobalSection(ProjectConfigurationPlatforms) = postSolution
		{01512C98-D4FA-4067-AC58-CC754B68DB02}.Debug|Any CPU.ActiveCfg = Debug|Any CPU
		{01512C98-D4FA-4067-AC58-CC754B68DB02}.Debug|Any CPU.Build.0 = Debug|Any CPU
		{01512C98-D4FA-4067-AC58-CC754B68DB02}.Release|Any CPU.ActiveCfg = Release|Any CPU
		{01512C98-D4FA-4067-AC58-CC754B68DB02}.Release|Any CPU.Build.0 = Release|Any CPU
		{255FA531-F978-4083-A1C2-3E14C5664F37}.Debug|Any CPU.ActiveCfg = Debug|Any CPU
		{255FA531-F978-4083-A1C2-3E14C5664F37}.Debug|Any CPU.Build.0 = Debug|Any CPU
		{255FA531-F978-4083-A1C2-3E14C5664F37}.Release|Any CPU.ActiveCfg = Release|Any CPU
		{255FA531-F978-4083-A1C2-3E14C5664F37}.Release|Any CPU.Build.0 = Release|Any CPU
		{C41BDEAA-8840-4125-8E50-6DBA1C177C94}.Debug|Any CPU.ActiveCfg = Debug|Any CPU
		{C41BDEAA-8840-4125-8E50-6DBA1C177C94}.Debug|Any CPU.Build.0 = Debug|Any CPU
		{C41BDEAA-8840-4125-8E50-6DBA1C177C94}.Release|Any CPU.ActiveCfg = Release|Any CPU
		{C41BDEAA-8840-4125-8E50-6DBA1C177C94}.Release|Any CPU.Build.0 = Release|Any CPU
		{3A3BBEED-0AF5-4543-BCBB-E53E4B3B63AA}.Debug|Any CPU.ActiveCfg = Debug|Any CPU
		{3A3BBEED-0AF5-4543-BCBB-E53E4B3B63AA}.Debug|Any CPU.Build.0 = Debug|Any CPU
		{3A3BBEED-0AF5-4543-BCBB-E53E4B3B63AA}.Release|Any CPU.ActiveCfg = Release|Any CPU
		{3A3BBEED-0AF5-4543-BCBB-E53E4B3B63AA}.Release|Any CPU.Build.0 = Release|Any CPU
		{93F29B25-5CE7-4C75-8E30-00378911B36E}.Debug|Any CPU.ActiveCfg = Debug|Any CPU
		{93F29B25-5CE7-4C75-8E30-00378911B36E}.Debug|Any CPU.Build.0 = Debug|Any CPU
		{93F29B25-5CE7-4C75-8E30-00378911B36E}.Release|Any CPU.ActiveCfg = Release|Any CPU
		{93F29B25-5CE7-4C75-8E30-00378911B36E}.Release|Any CPU.Build.0 = Release|Any CPU
		{7D03EDDD-4509-4DF3-84D2-3BB91A02576C}.Debug|Any CPU.ActiveCfg = Debug|Any CPU
		{7D03EDDD-4509-4DF3-84D2-3BB91A02576C}.Debug|Any CPU.Build.0 = Debug|Any CPU
		{7D03EDDD-4509-4DF3-84D2-3BB91A02576C}.Release|Any CPU.ActiveCfg = Release|Any CPU
		{7D03EDDD-4509-4DF3-84D2-3BB91A02576C}.Release|Any CPU.Build.0 = Release|Any CPU
		{E5347EAE-6C5C-4918-B4D2-5EEB939D6BE6}.Debug|Any CPU.ActiveCfg = Debug|Any CPU
		{E5347EAE-6C5C-4918-B4D2-5EEB939D6BE6}.Debug|Any CPU.Build.0 = Debug|Any CPU
		{E5347EAE-6C5C-4918-B4D2-5EEB939D6BE6}.Release|Any CPU.ActiveCfg = Release|Any CPU
		{E5347EAE-6C5C-4918-B4D2-5EEB939D6BE6}.Release|Any CPU.Build.0 = Release|Any CPU
		{8BD13206-8DD0-4083-9F6A-EC70A7A00130}.Debug|Any CPU.ActiveCfg = Debug|Any CPU
		{8BD13206-8DD0-4083-9F6A-EC70A7A00130}.Debug|Any CPU.Build.0 = Debug|Any CPU
		{8BD13206-8DD0-4083-9F6A-EC70A7A00130}.Release|Any CPU.ActiveCfg = Release|Any CPU
		{8BD13206-8DD0-4083-9F6A-EC70A7A00130}.Release|Any CPU.Build.0 = Release|Any CPU
		{6D86446C-2595-445B-8757-92A91A298DDF}.Debug|Any CPU.ActiveCfg = Debug|Any CPU
		{6D86446C-2595-445B-8757-92A91A298DDF}.Debug|Any CPU.Build.0 = Debug|Any CPU
		{6D86446C-2595-445B-8757-92A91A298DDF}.Release|Any CPU.ActiveCfg = Release|Any CPU
		{6D86446C-2595-445B-8757-92A91A298DDF}.Release|Any CPU.Build.0 = Release|Any CPU
		{5A4C616C-882A-4D8E-A06A-85B4B698EC00}.Debug|Any CPU.ActiveCfg = Debug|Any CPU
		{5A4C616C-882A-4D8E-A06A-85B4B698EC00}.Debug|Any CPU.Build.0 = Debug|Any CPU
		{5A4C616C-882A-4D8E-A06A-85B4B698EC00}.Release|Any CPU.ActiveCfg = Release|Any CPU
		{5A4C616C-882A-4D8E-A06A-85B4B698EC00}.Release|Any CPU.Build.0 = Release|Any CPU
		{EB54B398-C5D2-4B82-9A3D-F3D66D75474A}.Debug|Any CPU.ActiveCfg = Debug|Any CPU
		{EB54B398-C5D2-4B82-9A3D-F3D66D75474A}.Debug|Any CPU.Build.0 = Debug|Any CPU
		{EB54B398-C5D2-4B82-9A3D-F3D66D75474A}.Release|Any CPU.ActiveCfg = Release|Any CPU
		{EB54B398-C5D2-4B82-9A3D-F3D66D75474A}.Release|Any CPU.Build.0 = Release|Any CPU
		{D8E923D1-470C-4D6D-80DE-F782BBE9C326}.Debug|Any CPU.ActiveCfg = Debug|Any CPU
		{D8E923D1-470C-4D6D-80DE-F782BBE9C326}.Debug|Any CPU.Build.0 = Debug|Any CPU
		{D8E923D1-470C-4D6D-80DE-F782BBE9C326}.Release|Any CPU.ActiveCfg = Release|Any CPU
		{D8E923D1-470C-4D6D-80DE-F782BBE9C326}.Release|Any CPU.Build.0 = Release|Any CPU
		{147989D3-DCBC-41AD-BD15-298A42DE88B7}.Debug|Any CPU.ActiveCfg = Debug|Any CPU
		{147989D3-DCBC-41AD-BD15-298A42DE88B7}.Debug|Any CPU.Build.0 = Debug|Any CPU
		{147989D3-DCBC-41AD-BD15-298A42DE88B7}.Release|Any CPU.ActiveCfg = Release|Any CPU
		{147989D3-DCBC-41AD-BD15-298A42DE88B7}.Release|Any CPU.Build.0 = Release|Any CPU
		{ED3F9A0D-2510-453C-9017-055BC4C4182B}.Debug|Any CPU.ActiveCfg = Debug|Any CPU
		{ED3F9A0D-2510-453C-9017-055BC4C4182B}.Debug|Any CPU.Build.0 = Debug|Any CPU
		{ED3F9A0D-2510-453C-9017-055BC4C4182B}.Release|Any CPU.ActiveCfg = Release|Any CPU
		{ED3F9A0D-2510-453C-9017-055BC4C4182B}.Release|Any CPU.Build.0 = Release|Any CPU
		{703F042E-7361-46A1-8C1A-4145DBF99102}.Debug|Any CPU.ActiveCfg = Debug|Any CPU
		{703F042E-7361-46A1-8C1A-4145DBF99102}.Debug|Any CPU.Build.0 = Debug|Any CPU
		{703F042E-7361-46A1-8C1A-4145DBF99102}.Release|Any CPU.ActiveCfg = Release|Any CPU
		{703F042E-7361-46A1-8C1A-4145DBF99102}.Release|Any CPU.Build.0 = Release|Any CPU
		{F5651C13-0880-4BF8-B67E-6E22A07CAE8E}.Debug|Any CPU.ActiveCfg = Debug|Any CPU
		{F5651C13-0880-4BF8-B67E-6E22A07CAE8E}.Debug|Any CPU.Build.0 = Debug|Any CPU
		{F5651C13-0880-4BF8-B67E-6E22A07CAE8E}.Release|Any CPU.ActiveCfg = Release|Any CPU
		{F5651C13-0880-4BF8-B67E-6E22A07CAE8E}.Release|Any CPU.Build.0 = Release|Any CPU
		{65F2138A-3E16-4951-8D35-5CF514FF067E}.Debug|Any CPU.ActiveCfg = Debug|Any CPU
		{65F2138A-3E16-4951-8D35-5CF514FF067E}.Debug|Any CPU.Build.0 = Debug|Any CPU
		{65F2138A-3E16-4951-8D35-5CF514FF067E}.Release|Any CPU.ActiveCfg = Release|Any CPU
		{65F2138A-3E16-4951-8D35-5CF514FF067E}.Release|Any CPU.Build.0 = Release|Any CPU
		{4E7472D2-BD0B-4628-96FD-3453EC03B688}.Debug|Any CPU.ActiveCfg = Debug|Any CPU
		{4E7472D2-BD0B-4628-96FD-3453EC03B688}.Debug|Any CPU.Build.0 = Debug|Any CPU
		{4E7472D2-BD0B-4628-96FD-3453EC03B688}.Release|Any CPU.ActiveCfg = Release|Any CPU
		{4E7472D2-BD0B-4628-96FD-3453EC03B688}.Release|Any CPU.Build.0 = Release|Any CPU
		{902FC583-F556-489A-B16F-B878FBB3C5E2}.Debug|Any CPU.ActiveCfg = Debug|Any CPU
		{902FC583-F556-489A-B16F-B878FBB3C5E2}.Debug|Any CPU.Build.0 = Debug|Any CPU
		{902FC583-F556-489A-B16F-B878FBB3C5E2}.Release|Any CPU.ActiveCfg = Release|Any CPU
		{902FC583-F556-489A-B16F-B878FBB3C5E2}.Release|Any CPU.Build.0 = Release|Any CPU
		{925C5A2E-CDD1-4D7C-9D54-827DCE5D0BC3}.Debug|Any CPU.ActiveCfg = Debug|Any CPU
		{925C5A2E-CDD1-4D7C-9D54-827DCE5D0BC3}.Debug|Any CPU.Build.0 = Debug|Any CPU
		{925C5A2E-CDD1-4D7C-9D54-827DCE5D0BC3}.Release|Any CPU.ActiveCfg = Release|Any CPU
		{925C5A2E-CDD1-4D7C-9D54-827DCE5D0BC3}.Release|Any CPU.Build.0 = Release|Any CPU
		{531CEB64-F1DD-40D7-9D46-7F806A32E295}.Debug|Any CPU.ActiveCfg = Debug|Any CPU
		{531CEB64-F1DD-40D7-9D46-7F806A32E295}.Debug|Any CPU.Build.0 = Debug|Any CPU
		{531CEB64-F1DD-40D7-9D46-7F806A32E295}.Release|Any CPU.ActiveCfg = Release|Any CPU
		{531CEB64-F1DD-40D7-9D46-7F806A32E295}.Release|Any CPU.Build.0 = Release|Any CPU
		{257731BF-6AEF-4044-94AB-C126DE266890}.Debug|Any CPU.ActiveCfg = Debug|Any CPU
		{257731BF-6AEF-4044-94AB-C126DE266890}.Debug|Any CPU.Build.0 = Debug|Any CPU
		{257731BF-6AEF-4044-94AB-C126DE266890}.Release|Any CPU.ActiveCfg = Release|Any CPU
		{257731BF-6AEF-4044-94AB-C126DE266890}.Release|Any CPU.Build.0 = Release|Any CPU
		{92B85348-8A19-44F5-9580-0CB5FBF315FD}.Debug|Any CPU.ActiveCfg = Debug|Any CPU
		{92B85348-8A19-44F5-9580-0CB5FBF315FD}.Debug|Any CPU.Build.0 = Debug|Any CPU
		{92B85348-8A19-44F5-9580-0CB5FBF315FD}.Release|Any CPU.ActiveCfg = Release|Any CPU
		{92B85348-8A19-44F5-9580-0CB5FBF315FD}.Release|Any CPU.Build.0 = Release|Any CPU
		{7CF23DFD-2250-415E-95A6-CCB6764F22AA}.Debug|Any CPU.ActiveCfg = Debug|Any CPU
		{7CF23DFD-2250-415E-95A6-CCB6764F22AA}.Debug|Any CPU.Build.0 = Debug|Any CPU
		{7CF23DFD-2250-415E-95A6-CCB6764F22AA}.Release|Any CPU.ActiveCfg = Release|Any CPU
		{7CF23DFD-2250-415E-95A6-CCB6764F22AA}.Release|Any CPU.Build.0 = Release|Any CPU
		{51717C99-2D8A-43ED-AB59-36200FC4B25D}.Debug|Any CPU.ActiveCfg = Debug|Any CPU
		{51717C99-2D8A-43ED-AB59-36200FC4B25D}.Debug|Any CPU.Build.0 = Debug|Any CPU
		{51717C99-2D8A-43ED-AB59-36200FC4B25D}.Release|Any CPU.ActiveCfg = Release|Any CPU
		{51717C99-2D8A-43ED-AB59-36200FC4B25D}.Release|Any CPU.Build.0 = Release|Any CPU
		{18E57012-C446-40B4-87FA-C5D6724C5051}.Debug|Any CPU.ActiveCfg = Debug|Any CPU
		{18E57012-C446-40B4-87FA-C5D6724C5051}.Debug|Any CPU.Build.0 = Debug|Any CPU
		{18E57012-C446-40B4-87FA-C5D6724C5051}.Release|Any CPU.ActiveCfg = Release|Any CPU
		{18E57012-C446-40B4-87FA-C5D6724C5051}.Release|Any CPU.Build.0 = Release|Any CPU
		{656A1F0B-AE95-42FE-B69E-2D3863360754}.Debug|Any CPU.ActiveCfg = Debug|Any CPU
		{656A1F0B-AE95-42FE-B69E-2D3863360754}.Debug|Any CPU.Build.0 = Debug|Any CPU
		{656A1F0B-AE95-42FE-B69E-2D3863360754}.Release|Any CPU.ActiveCfg = Release|Any CPU
		{656A1F0B-AE95-42FE-B69E-2D3863360754}.Release|Any CPU.Build.0 = Release|Any CPU
		{87912673-B159-4CFC-BD39-77A1F76A026B}.Debug|Any CPU.ActiveCfg = Debug|Any CPU
		{87912673-B159-4CFC-BD39-77A1F76A026B}.Debug|Any CPU.Build.0 = Debug|Any CPU
		{87912673-B159-4CFC-BD39-77A1F76A026B}.Release|Any CPU.ActiveCfg = Release|Any CPU
		{87912673-B159-4CFC-BD39-77A1F76A026B}.Release|Any CPU.Build.0 = Release|Any CPU
		{8D724F42-4F96-4C90-87B9-641414C303FC}.Debug|Any CPU.ActiveCfg = Debug|Any CPU
		{8D724F42-4F96-4C90-87B9-641414C303FC}.Debug|Any CPU.Build.0 = Debug|Any CPU
		{8D724F42-4F96-4C90-87B9-641414C303FC}.Release|Any CPU.ActiveCfg = Release|Any CPU
		{8D724F42-4F96-4C90-87B9-641414C303FC}.Release|Any CPU.Build.0 = Release|Any CPU
		{92C21125-DF6F-4CA7-B8B7-F2AF9A7958CB}.Debug|Any CPU.ActiveCfg = Debug|Any CPU
		{92C21125-DF6F-4CA7-B8B7-F2AF9A7958CB}.Debug|Any CPU.Build.0 = Debug|Any CPU
		{92C21125-DF6F-4CA7-B8B7-F2AF9A7958CB}.Release|Any CPU.ActiveCfg = Release|Any CPU
		{92C21125-DF6F-4CA7-B8B7-F2AF9A7958CB}.Release|Any CPU.Build.0 = Release|Any CPU
		{39AE69FA-67E2-45FD-BE04-10C67FBDE4C1}.Debug|Any CPU.ActiveCfg = Debug|Any CPU
		{39AE69FA-67E2-45FD-BE04-10C67FBDE4C1}.Debug|Any CPU.Build.0 = Debug|Any CPU
		{39AE69FA-67E2-45FD-BE04-10C67FBDE4C1}.Release|Any CPU.ActiveCfg = Release|Any CPU
		{39AE69FA-67E2-45FD-BE04-10C67FBDE4C1}.Release|Any CPU.Build.0 = Release|Any CPU
		{2F9E56BA-CCB0-4649-A4B8-028B08E63A1A}.Debug|Any CPU.ActiveCfg = Debug|Any CPU
		{2F9E56BA-CCB0-4649-A4B8-028B08E63A1A}.Debug|Any CPU.Build.0 = Debug|Any CPU
		{2F9E56BA-CCB0-4649-A4B8-028B08E63A1A}.Release|Any CPU.ActiveCfg = Release|Any CPU
		{2F9E56BA-CCB0-4649-A4B8-028B08E63A1A}.Release|Any CPU.Build.0 = Release|Any CPU
		{65875ED1-4F3D-4833-B397-9DC051148C4E}.Debug|Any CPU.ActiveCfg = Debug|Any CPU
		{65875ED1-4F3D-4833-B397-9DC051148C4E}.Debug|Any CPU.Build.0 = Debug|Any CPU
		{65875ED1-4F3D-4833-B397-9DC051148C4E}.Release|Any CPU.ActiveCfg = Release|Any CPU
		{65875ED1-4F3D-4833-B397-9DC051148C4E}.Release|Any CPU.Build.0 = Release|Any CPU
		{EBEDB21C-FFA8-4ECB-AF96-AF598B1BAD92}.Debug|Any CPU.ActiveCfg = Debug|Any CPU
		{EBEDB21C-FFA8-4ECB-AF96-AF598B1BAD92}.Debug|Any CPU.Build.0 = Debug|Any CPU
		{EBEDB21C-FFA8-4ECB-AF96-AF598B1BAD92}.Release|Any CPU.ActiveCfg = Release|Any CPU
		{EBEDB21C-FFA8-4ECB-AF96-AF598B1BAD92}.Release|Any CPU.Build.0 = Release|Any CPU
		{8BC28CF2-2E09-4ADE-8AE6-D445DF07F664}.Debug|Any CPU.ActiveCfg = Debug|Any CPU
		{8BC28CF2-2E09-4ADE-8AE6-D445DF07F664}.Debug|Any CPU.Build.0 = Debug|Any CPU
		{8BC28CF2-2E09-4ADE-8AE6-D445DF07F664}.Release|Any CPU.ActiveCfg = Release|Any CPU
		{8BC28CF2-2E09-4ADE-8AE6-D445DF07F664}.Release|Any CPU.Build.0 = Release|Any CPU
		{C5E418CE-F7D7-4FFE-922C-631E5646EA16}.Debug|Any CPU.ActiveCfg = Debug|Any CPU
		{C5E418CE-F7D7-4FFE-922C-631E5646EA16}.Debug|Any CPU.Build.0 = Debug|Any CPU
		{C5E418CE-F7D7-4FFE-922C-631E5646EA16}.Release|Any CPU.ActiveCfg = Release|Any CPU
		{C5E418CE-F7D7-4FFE-922C-631E5646EA16}.Release|Any CPU.Build.0 = Release|Any CPU
		{C8653E13-0D3E-43CC-B053-137FD32F10E3}.Debug|Any CPU.ActiveCfg = Debug|Any CPU
		{C8653E13-0D3E-43CC-B053-137FD32F10E3}.Debug|Any CPU.Build.0 = Debug|Any CPU
		{C8653E13-0D3E-43CC-B053-137FD32F10E3}.Release|Any CPU.ActiveCfg = Release|Any CPU
		{C8653E13-0D3E-43CC-B053-137FD32F10E3}.Release|Any CPU.Build.0 = Release|Any CPU
		{2A132C7F-A7B4-41CB-ADF2-74A55684A0CD}.Debug|Any CPU.ActiveCfg = Debug|Any CPU
		{2A132C7F-A7B4-41CB-ADF2-74A55684A0CD}.Debug|Any CPU.Build.0 = Debug|Any CPU
		{2A132C7F-A7B4-41CB-ADF2-74A55684A0CD}.Release|Any CPU.ActiveCfg = Release|Any CPU
		{2A132C7F-A7B4-41CB-ADF2-74A55684A0CD}.Release|Any CPU.Build.0 = Release|Any CPU
		{5FE08BE8-ADC0-495F-96CF-9BA7A9025B33}.Debug|Any CPU.ActiveCfg = Debug|Any CPU
		{5FE08BE8-ADC0-495F-96CF-9BA7A9025B33}.Debug|Any CPU.Build.0 = Debug|Any CPU
		{5FE08BE8-ADC0-495F-96CF-9BA7A9025B33}.Release|Any CPU.ActiveCfg = Release|Any CPU
		{5FE08BE8-ADC0-495F-96CF-9BA7A9025B33}.Release|Any CPU.Build.0 = Release|Any CPU
		{F7CFFA90-4B2C-40FF-8633-14180762CCC5}.Debug|Any CPU.ActiveCfg = Debug|Any CPU
		{F7CFFA90-4B2C-40FF-8633-14180762CCC5}.Debug|Any CPU.Build.0 = Debug|Any CPU
		{F7CFFA90-4B2C-40FF-8633-14180762CCC5}.Release|Any CPU.ActiveCfg = Release|Any CPU
		{F7CFFA90-4B2C-40FF-8633-14180762CCC5}.Release|Any CPU.Build.0 = Release|Any CPU
		{30619CAF-0500-4410-9BAF-56D98B5AB5B7}.Debug|Any CPU.ActiveCfg = Debug|Any CPU
		{30619CAF-0500-4410-9BAF-56D98B5AB5B7}.Debug|Any CPU.Build.0 = Debug|Any CPU
		{30619CAF-0500-4410-9BAF-56D98B5AB5B7}.Release|Any CPU.ActiveCfg = Release|Any CPU
		{30619CAF-0500-4410-9BAF-56D98B5AB5B7}.Release|Any CPU.Build.0 = Release|Any CPU
		{968DDA39-AD2A-4BA1-9700-31DCA4415021}.Debug|Any CPU.ActiveCfg = Debug|Any CPU
		{968DDA39-AD2A-4BA1-9700-31DCA4415021}.Debug|Any CPU.Build.0 = Debug|Any CPU
		{968DDA39-AD2A-4BA1-9700-31DCA4415021}.Release|Any CPU.ActiveCfg = Release|Any CPU
		{968DDA39-AD2A-4BA1-9700-31DCA4415021}.Release|Any CPU.Build.0 = Release|Any CPU
		{4A060187-A1E0-4441-9F3F-EAF2B481FCA2}.Debug|Any CPU.ActiveCfg = Debug|Any CPU
		{4A060187-A1E0-4441-9F3F-EAF2B481FCA2}.Debug|Any CPU.Build.0 = Debug|Any CPU
		{4A060187-A1E0-4441-9F3F-EAF2B481FCA2}.Release|Any CPU.ActiveCfg = Release|Any CPU
		{4A060187-A1E0-4441-9F3F-EAF2B481FCA2}.Release|Any CPU.Build.0 = Release|Any CPU
		{C00EC258-48E1-4333-90E9-CCE69250C975}.Debug|Any CPU.ActiveCfg = Debug|Any CPU
		{C00EC258-48E1-4333-90E9-CCE69250C975}.Debug|Any CPU.Build.0 = Debug|Any CPU
		{C00EC258-48E1-4333-90E9-CCE69250C975}.Release|Any CPU.ActiveCfg = Release|Any CPU
		{C00EC258-48E1-4333-90E9-CCE69250C975}.Release|Any CPU.Build.0 = Release|Any CPU
		{3402E0A7-0AF4-4866-B70E-C5E9A12B91B0}.Debug|Any CPU.ActiveCfg = Debug|Any CPU
		{3402E0A7-0AF4-4866-B70E-C5E9A12B91B0}.Debug|Any CPU.Build.0 = Debug|Any CPU
		{3402E0A7-0AF4-4866-B70E-C5E9A12B91B0}.Release|Any CPU.ActiveCfg = Release|Any CPU
		{3402E0A7-0AF4-4866-B70E-C5E9A12B91B0}.Release|Any CPU.Build.0 = Release|Any CPU
		{AEB5998B-EEBA-44D4-9E9F-74E7E3F58A39}.Debug|Any CPU.ActiveCfg = Debug|Any CPU
		{AEB5998B-EEBA-44D4-9E9F-74E7E3F58A39}.Debug|Any CPU.Build.0 = Debug|Any CPU
		{AEB5998B-EEBA-44D4-9E9F-74E7E3F58A39}.Release|Any CPU.ActiveCfg = Release|Any CPU
		{AEB5998B-EEBA-44D4-9E9F-74E7E3F58A39}.Release|Any CPU.Build.0 = Release|Any CPU
		{DB973C05-8281-4422-8B09-055898D6DB04}.Debug|Any CPU.ActiveCfg = Debug|Any CPU
		{DB973C05-8281-4422-8B09-055898D6DB04}.Debug|Any CPU.Build.0 = Debug|Any CPU
		{DB973C05-8281-4422-8B09-055898D6DB04}.Release|Any CPU.ActiveCfg = Release|Any CPU
		{DB973C05-8281-4422-8B09-055898D6DB04}.Release|Any CPU.Build.0 = Release|Any CPU
		{16FCE004-5F0E-40B0-9901-61AF35172EF1}.Debug|Any CPU.ActiveCfg = Debug|Any CPU
		{16FCE004-5F0E-40B0-9901-61AF35172EF1}.Debug|Any CPU.Build.0 = Debug|Any CPU
		{16FCE004-5F0E-40B0-9901-61AF35172EF1}.Release|Any CPU.ActiveCfg = Release|Any CPU
		{16FCE004-5F0E-40B0-9901-61AF35172EF1}.Release|Any CPU.Build.0 = Release|Any CPU
		{14ADAE1D-F71D-45DD-995A-FA6E6869C765}.Debug|Any CPU.ActiveCfg = Debug|Any CPU
		{14ADAE1D-F71D-45DD-995A-FA6E6869C765}.Debug|Any CPU.Build.0 = Debug|Any CPU
		{14ADAE1D-F71D-45DD-995A-FA6E6869C765}.Release|Any CPU.ActiveCfg = Release|Any CPU
		{14ADAE1D-F71D-45DD-995A-FA6E6869C765}.Release|Any CPU.Build.0 = Release|Any CPU
		{3705F116-55A9-4033-A12B-E3A6350A9678}.Debug|Any CPU.ActiveCfg = Debug|Any CPU
		{3705F116-55A9-4033-A12B-E3A6350A9678}.Debug|Any CPU.Build.0 = Debug|Any CPU
		{3705F116-55A9-4033-A12B-E3A6350A9678}.Release|Any CPU.ActiveCfg = Release|Any CPU
		{3705F116-55A9-4033-A12B-E3A6350A9678}.Release|Any CPU.Build.0 = Release|Any CPU
		{3DC03DBD-6947-401F-BD1A-1D64A244D19F}.Debug|Any CPU.ActiveCfg = Debug|Any CPU
		{3DC03DBD-6947-401F-BD1A-1D64A244D19F}.Debug|Any CPU.Build.0 = Debug|Any CPU
		{3DC03DBD-6947-401F-BD1A-1D64A244D19F}.Release|Any CPU.ActiveCfg = Release|Any CPU
		{3DC03DBD-6947-401F-BD1A-1D64A244D19F}.Release|Any CPU.Build.0 = Release|Any CPU
		{2BDA99C9-D608-4A00-B221-22EC7480E09C}.Debug|Any CPU.ActiveCfg = Debug|Any CPU
		{2BDA99C9-D608-4A00-B221-22EC7480E09C}.Debug|Any CPU.Build.0 = Debug|Any CPU
		{2BDA99C9-D608-4A00-B221-22EC7480E09C}.Release|Any CPU.ActiveCfg = Release|Any CPU
		{2BDA99C9-D608-4A00-B221-22EC7480E09C}.Release|Any CPU.Build.0 = Release|Any CPU
		{7DCEC741-67ED-432D-A795-CF74D83C713E}.Debug|Any CPU.ActiveCfg = Debug|Any CPU
		{7DCEC741-67ED-432D-A795-CF74D83C713E}.Debug|Any CPU.Build.0 = Debug|Any CPU
		{7DCEC741-67ED-432D-A795-CF74D83C713E}.Release|Any CPU.ActiveCfg = Release|Any CPU
		{7DCEC741-67ED-432D-A795-CF74D83C713E}.Release|Any CPU.Build.0 = Release|Any CPU
		{43F16F9E-5E45-456D-AE50-DC1C9453DEF9}.Debug|Any CPU.ActiveCfg = Debug|Any CPU
		{43F16F9E-5E45-456D-AE50-DC1C9453DEF9}.Debug|Any CPU.Build.0 = Debug|Any CPU
		{43F16F9E-5E45-456D-AE50-DC1C9453DEF9}.Release|Any CPU.ActiveCfg = Release|Any CPU
		{43F16F9E-5E45-456D-AE50-DC1C9453DEF9}.Release|Any CPU.Build.0 = Release|Any CPU
		{DBA347DC-EA5D-40E1-893F-46B799797988}.Debug|Any CPU.ActiveCfg = Debug|Any CPU
		{DBA347DC-EA5D-40E1-893F-46B799797988}.Debug|Any CPU.Build.0 = Debug|Any CPU
		{DBA347DC-EA5D-40E1-893F-46B799797988}.Release|Any CPU.ActiveCfg = Release|Any CPU
		{DBA347DC-EA5D-40E1-893F-46B799797988}.Release|Any CPU.Build.0 = Release|Any CPU
		{9EE8420D-A6B9-47F6-826D-EDD7294A0E8A}.Debug|Any CPU.ActiveCfg = Debug|Any CPU
		{9EE8420D-A6B9-47F6-826D-EDD7294A0E8A}.Debug|Any CPU.Build.0 = Debug|Any CPU
		{9EE8420D-A6B9-47F6-826D-EDD7294A0E8A}.Release|Any CPU.ActiveCfg = Release|Any CPU
		{9EE8420D-A6B9-47F6-826D-EDD7294A0E8A}.Release|Any CPU.Build.0 = Release|Any CPU
		{837B3CD1-F050-4703-AD53-25BF470E5A79}.Debug|Any CPU.ActiveCfg = Debug|Any CPU
		{837B3CD1-F050-4703-AD53-25BF470E5A79}.Debug|Any CPU.Build.0 = Debug|Any CPU
		{837B3CD1-F050-4703-AD53-25BF470E5A79}.Release|Any CPU.ActiveCfg = Release|Any CPU
		{837B3CD1-F050-4703-AD53-25BF470E5A79}.Release|Any CPU.Build.0 = Release|Any CPU
		{526E591A-8B31-4720-831A-F6BCBBAD47D9}.Debug|Any CPU.ActiveCfg = Debug|Any CPU
		{526E591A-8B31-4720-831A-F6BCBBAD47D9}.Debug|Any CPU.Build.0 = Debug|Any CPU
		{526E591A-8B31-4720-831A-F6BCBBAD47D9}.Release|Any CPU.ActiveCfg = Release|Any CPU
		{526E591A-8B31-4720-831A-F6BCBBAD47D9}.Release|Any CPU.Build.0 = Release|Any CPU
		{F4733512-6B5B-4E82-96ED-2040EAA766BF}.Debug|Any CPU.ActiveCfg = Debug|Any CPU
		{F4733512-6B5B-4E82-96ED-2040EAA766BF}.Debug|Any CPU.Build.0 = Debug|Any CPU
		{F4733512-6B5B-4E82-96ED-2040EAA766BF}.Release|Any CPU.ActiveCfg = Release|Any CPU
		{F4733512-6B5B-4E82-96ED-2040EAA766BF}.Release|Any CPU.Build.0 = Release|Any CPU
		{560BBD39-75D4-4552-B534-B58EEBCF2FEE}.Debug|Any CPU.ActiveCfg = Debug|Any CPU
		{560BBD39-75D4-4552-B534-B58EEBCF2FEE}.Debug|Any CPU.Build.0 = Debug|Any CPU
		{560BBD39-75D4-4552-B534-B58EEBCF2FEE}.Release|Any CPU.ActiveCfg = Release|Any CPU
		{560BBD39-75D4-4552-B534-B58EEBCF2FEE}.Release|Any CPU.Build.0 = Release|Any CPU
		{AF23ED64-31C6-414D-8054-D54CB394687B}.Debug|Any CPU.ActiveCfg = Debug|Any CPU
		{AF23ED64-31C6-414D-8054-D54CB394687B}.Debug|Any CPU.Build.0 = Debug|Any CPU
		{AF23ED64-31C6-414D-8054-D54CB394687B}.Release|Any CPU.ActiveCfg = Release|Any CPU
		{AF23ED64-31C6-414D-8054-D54CB394687B}.Release|Any CPU.Build.0 = Release|Any CPU
		{C1AEAD08-1EE5-4AD1-A3F9-3D32B675D3F0}.Debug|Any CPU.ActiveCfg = Debug|Any CPU
		{C1AEAD08-1EE5-4AD1-A3F9-3D32B675D3F0}.Debug|Any CPU.Build.0 = Debug|Any CPU
		{C1AEAD08-1EE5-4AD1-A3F9-3D32B675D3F0}.Release|Any CPU.ActiveCfg = Release|Any CPU
		{C1AEAD08-1EE5-4AD1-A3F9-3D32B675D3F0}.Release|Any CPU.Build.0 = Release|Any CPU
		{35C43708-56AD-4463-A1C5-85DC2648D5CF}.Debug|Any CPU.ActiveCfg = Debug|Any CPU
		{35C43708-56AD-4463-A1C5-85DC2648D5CF}.Debug|Any CPU.Build.0 = Debug|Any CPU
		{35C43708-56AD-4463-A1C5-85DC2648D5CF}.Release|Any CPU.ActiveCfg = Release|Any CPU
		{35C43708-56AD-4463-A1C5-85DC2648D5CF}.Release|Any CPU.Build.0 = Release|Any CPU
		{C1FC83DE-9021-4179-B6BD-F27A6CCF1B44}.Debug|Any CPU.ActiveCfg = Debug|Any CPU
		{C1FC83DE-9021-4179-B6BD-F27A6CCF1B44}.Debug|Any CPU.Build.0 = Debug|Any CPU
		{C1FC83DE-9021-4179-B6BD-F27A6CCF1B44}.Release|Any CPU.ActiveCfg = Release|Any CPU
		{C1FC83DE-9021-4179-B6BD-F27A6CCF1B44}.Release|Any CPU.Build.0 = Release|Any CPU
		{4D4CAE4E-16F1-48F8-A958-41E14FD5A9F4}.Debug|Any CPU.ActiveCfg = Debug|Any CPU
		{4D4CAE4E-16F1-48F8-A958-41E14FD5A9F4}.Debug|Any CPU.Build.0 = Debug|Any CPU
		{4D4CAE4E-16F1-48F8-A958-41E14FD5A9F4}.Release|Any CPU.ActiveCfg = Release|Any CPU
		{4D4CAE4E-16F1-48F8-A958-41E14FD5A9F4}.Release|Any CPU.Build.0 = Release|Any CPU
		{215B6343-B006-4605-8880-423D9F6958C9}.Debug|Any CPU.ActiveCfg = Debug|Any CPU
		{215B6343-B006-4605-8880-423D9F6958C9}.Debug|Any CPU.Build.0 = Debug|Any CPU
		{215B6343-B006-4605-8880-423D9F6958C9}.Release|Any CPU.ActiveCfg = Release|Any CPU
		{215B6343-B006-4605-8880-423D9F6958C9}.Release|Any CPU.Build.0 = Release|Any CPU
		{0D2CC8A7-08DC-4BC6-9227-5AE123EF6C55}.Debug|Any CPU.ActiveCfg = Debug|Any CPU
		{0D2CC8A7-08DC-4BC6-9227-5AE123EF6C55}.Debug|Any CPU.Build.0 = Debug|Any CPU
		{0D2CC8A7-08DC-4BC6-9227-5AE123EF6C55}.Release|Any CPU.ActiveCfg = Release|Any CPU
		{0D2CC8A7-08DC-4BC6-9227-5AE123EF6C55}.Release|Any CPU.Build.0 = Release|Any CPU
		{D9A793BD-13A0-40EE-A423-886815F37806}.Debug|Any CPU.ActiveCfg = Debug|Any CPU
		{D9A793BD-13A0-40EE-A423-886815F37806}.Debug|Any CPU.Build.0 = Debug|Any CPU
		{D9A793BD-13A0-40EE-A423-886815F37806}.Release|Any CPU.ActiveCfg = Release|Any CPU
		{D9A793BD-13A0-40EE-A423-886815F37806}.Release|Any CPU.Build.0 = Release|Any CPU
		{CB1FEAB8-470D-492A-96A5-59AE403A0828}.Debug|Any CPU.ActiveCfg = Debug|Any CPU
		{CB1FEAB8-470D-492A-96A5-59AE403A0828}.Debug|Any CPU.Build.0 = Debug|Any CPU
		{CB1FEAB8-470D-492A-96A5-59AE403A0828}.Release|Any CPU.ActiveCfg = Release|Any CPU
		{CB1FEAB8-470D-492A-96A5-59AE403A0828}.Release|Any CPU.Build.0 = Release|Any CPU
		{9D13755A-E40C-4915-ADEF-3A17C3402649}.Debug|Any CPU.ActiveCfg = Debug|Any CPU
		{9D13755A-E40C-4915-ADEF-3A17C3402649}.Debug|Any CPU.Build.0 = Debug|Any CPU
		{9D13755A-E40C-4915-ADEF-3A17C3402649}.Release|Any CPU.ActiveCfg = Release|Any CPU
		{9D13755A-E40C-4915-ADEF-3A17C3402649}.Release|Any CPU.Build.0 = Release|Any CPU
		{F569EDAD-FA78-4C34-81E8-1B03448ECDCC}.Debug|Any CPU.ActiveCfg = Debug|Any CPU
		{F569EDAD-FA78-4C34-81E8-1B03448ECDCC}.Debug|Any CPU.Build.0 = Debug|Any CPU
		{F569EDAD-FA78-4C34-81E8-1B03448ECDCC}.Release|Any CPU.ActiveCfg = Release|Any CPU
		{F569EDAD-FA78-4C34-81E8-1B03448ECDCC}.Release|Any CPU.Build.0 = Release|Any CPU
		{ACBAEDA6-15BA-4842-AB3B-AD0DBC3D18F3}.Debug|Any CPU.ActiveCfg = Debug|Any CPU
		{ACBAEDA6-15BA-4842-AB3B-AD0DBC3D18F3}.Debug|Any CPU.Build.0 = Debug|Any CPU
		{ACBAEDA6-15BA-4842-AB3B-AD0DBC3D18F3}.Release|Any CPU.ActiveCfg = Release|Any CPU
		{ACBAEDA6-15BA-4842-AB3B-AD0DBC3D18F3}.Release|Any CPU.Build.0 = Release|Any CPU
		{FE7F504C-69E7-4F24-A5FC-56643BEFE8D1}.Debug|Any CPU.ActiveCfg = Debug|Any CPU
		{FE7F504C-69E7-4F24-A5FC-56643BEFE8D1}.Debug|Any CPU.Build.0 = Debug|Any CPU
		{FE7F504C-69E7-4F24-A5FC-56643BEFE8D1}.Release|Any CPU.ActiveCfg = Release|Any CPU
		{FE7F504C-69E7-4F24-A5FC-56643BEFE8D1}.Release|Any CPU.Build.0 = Release|Any CPU
		{62EF5F31-A8FE-48E4-806E-8575FDEFFAA1}.Debug|Any CPU.ActiveCfg = Debug|Any CPU
		{62EF5F31-A8FE-48E4-806E-8575FDEFFAA1}.Debug|Any CPU.Build.0 = Debug|Any CPU
		{62EF5F31-A8FE-48E4-806E-8575FDEFFAA1}.Release|Any CPU.ActiveCfg = Release|Any CPU
		{62EF5F31-A8FE-48E4-806E-8575FDEFFAA1}.Release|Any CPU.Build.0 = Release|Any CPU
		{136FD389-67FC-40B5-8495-1DCA6CD2C50D}.Debug|Any CPU.ActiveCfg = Debug|Any CPU
		{136FD389-67FC-40B5-8495-1DCA6CD2C50D}.Debug|Any CPU.Build.0 = Debug|Any CPU
		{136FD389-67FC-40B5-8495-1DCA6CD2C50D}.Release|Any CPU.ActiveCfg = Release|Any CPU
		{136FD389-67FC-40B5-8495-1DCA6CD2C50D}.Release|Any CPU.Build.0 = Release|Any CPU
		{95AD41B2-B10A-4BE7-9535-F7A4EAAF1AE4}.Debug|Any CPU.ActiveCfg = Debug|Any CPU
		{95AD41B2-B10A-4BE7-9535-F7A4EAAF1AE4}.Debug|Any CPU.Build.0 = Debug|Any CPU
		{95AD41B2-B10A-4BE7-9535-F7A4EAAF1AE4}.Release|Any CPU.ActiveCfg = Release|Any CPU
		{95AD41B2-B10A-4BE7-9535-F7A4EAAF1AE4}.Release|Any CPU.Build.0 = Release|Any CPU
		{1CB252F0-EF8D-4AD2-AF24-0195A458CB4F}.Debug|Any CPU.ActiveCfg = Debug|Any CPU
		{1CB252F0-EF8D-4AD2-AF24-0195A458CB4F}.Debug|Any CPU.Build.0 = Debug|Any CPU
		{1CB252F0-EF8D-4AD2-AF24-0195A458CB4F}.Release|Any CPU.ActiveCfg = Release|Any CPU
		{1CB252F0-EF8D-4AD2-AF24-0195A458CB4F}.Release|Any CPU.Build.0 = Release|Any CPU
		{DFFD7662-5E6D-4C77-AB4C-32CAB8279387}.Debug|Any CPU.ActiveCfg = Debug|Any CPU
		{DFFD7662-5E6D-4C77-AB4C-32CAB8279387}.Debug|Any CPU.Build.0 = Debug|Any CPU
		{DFFD7662-5E6D-4C77-AB4C-32CAB8279387}.Release|Any CPU.ActiveCfg = Release|Any CPU
		{DFFD7662-5E6D-4C77-AB4C-32CAB8279387}.Release|Any CPU.Build.0 = Release|Any CPU
		{FADBBB52-FAAF-4D85-A892-B992A8C5ADC6}.Debug|Any CPU.ActiveCfg = Debug|Any CPU
		{FADBBB52-FAAF-4D85-A892-B992A8C5ADC6}.Debug|Any CPU.Build.0 = Debug|Any CPU
		{FADBBB52-FAAF-4D85-A892-B992A8C5ADC6}.Release|Any CPU.ActiveCfg = Release|Any CPU
		{FADBBB52-FAAF-4D85-A892-B992A8C5ADC6}.Release|Any CPU.Build.0 = Release|Any CPU
		{9A787606-1B79-43F9-A885-37D15C2CE35B}.Debug|Any CPU.ActiveCfg = Debug|Any CPU
		{9A787606-1B79-43F9-A885-37D15C2CE35B}.Debug|Any CPU.Build.0 = Debug|Any CPU
		{9A787606-1B79-43F9-A885-37D15C2CE35B}.Release|Any CPU.ActiveCfg = Release|Any CPU
		{9A787606-1B79-43F9-A885-37D15C2CE35B}.Release|Any CPU.Build.0 = Release|Any CPU
		{DAE15485-9DD5-4B2D-AEF8-5B5886DFFBCA}.Debug|Any CPU.ActiveCfg = Debug|Any CPU
		{DAE15485-9DD5-4B2D-AEF8-5B5886DFFBCA}.Debug|Any CPU.Build.0 = Debug|Any CPU
		{DAE15485-9DD5-4B2D-AEF8-5B5886DFFBCA}.Release|Any CPU.ActiveCfg = Release|Any CPU
		{DAE15485-9DD5-4B2D-AEF8-5B5886DFFBCA}.Release|Any CPU.Build.0 = Release|Any CPU
		{3CF9DAF7-80CF-4869-9A70-C1231A2363CE}.Debug|Any CPU.ActiveCfg = Debug|Any CPU
		{3CF9DAF7-80CF-4869-9A70-C1231A2363CE}.Debug|Any CPU.Build.0 = Debug|Any CPU
		{3CF9DAF7-80CF-4869-9A70-C1231A2363CE}.Release|Any CPU.ActiveCfg = Release|Any CPU
		{3CF9DAF7-80CF-4869-9A70-C1231A2363CE}.Release|Any CPU.Build.0 = Release|Any CPU
		{79181746-8CA6-4D0F-B178-AF50E7A4987B}.Debug|Any CPU.ActiveCfg = Debug|Any CPU
		{79181746-8CA6-4D0F-B178-AF50E7A4987B}.Debug|Any CPU.Build.0 = Debug|Any CPU
		{79181746-8CA6-4D0F-B178-AF50E7A4987B}.Release|Any CPU.ActiveCfg = Release|Any CPU
		{79181746-8CA6-4D0F-B178-AF50E7A4987B}.Release|Any CPU.Build.0 = Release|Any CPU
		{B17A2F0A-0E84-423D-AA8F-612F44485BAD}.Debug|Any CPU.ActiveCfg = Debug|Any CPU
		{B17A2F0A-0E84-423D-AA8F-612F44485BAD}.Debug|Any CPU.Build.0 = Debug|Any CPU
		{B17A2F0A-0E84-423D-AA8F-612F44485BAD}.Release|Any CPU.ActiveCfg = Release|Any CPU
		{B17A2F0A-0E84-423D-AA8F-612F44485BAD}.Release|Any CPU.Build.0 = Release|Any CPU
		{1D45D858-4A6D-4909-99A8-92903D32408A}.Debug|Any CPU.ActiveCfg = Debug|Any CPU
		{1D45D858-4A6D-4909-99A8-92903D32408A}.Debug|Any CPU.Build.0 = Debug|Any CPU
		{1D45D858-4A6D-4909-99A8-92903D32408A}.Release|Any CPU.ActiveCfg = Release|Any CPU
		{1D45D858-4A6D-4909-99A8-92903D32408A}.Release|Any CPU.Build.0 = Release|Any CPU
		{8AF42EA4-E01A-4BC6-A956-26B40B4EC6CA}.Debug|Any CPU.ActiveCfg = Debug|Any CPU
		{8AF42EA4-E01A-4BC6-A956-26B40B4EC6CA}.Debug|Any CPU.Build.0 = Debug|Any CPU
		{8AF42EA4-E01A-4BC6-A956-26B40B4EC6CA}.Release|Any CPU.ActiveCfg = Release|Any CPU
		{8AF42EA4-E01A-4BC6-A956-26B40B4EC6CA}.Release|Any CPU.Build.0 = Release|Any CPU
		{CD92E389-2001-4B07-963A-40C9FB05ADB5}.Debug|Any CPU.ActiveCfg = Debug|Any CPU
		{CD92E389-2001-4B07-963A-40C9FB05ADB5}.Debug|Any CPU.Build.0 = Debug|Any CPU
		{CD92E389-2001-4B07-963A-40C9FB05ADB5}.Release|Any CPU.ActiveCfg = Release|Any CPU
		{CD92E389-2001-4B07-963A-40C9FB05ADB5}.Release|Any CPU.Build.0 = Release|Any CPU
		{F2B24B78-DA5D-498F-A339-60EE8F79CD24}.Debug|Any CPU.ActiveCfg = Debug|Any CPU
		{F2B24B78-DA5D-498F-A339-60EE8F79CD24}.Debug|Any CPU.Build.0 = Debug|Any CPU
		{F2B24B78-DA5D-498F-A339-60EE8F79CD24}.Release|Any CPU.ActiveCfg = Release|Any CPU
		{F2B24B78-DA5D-498F-A339-60EE8F79CD24}.Release|Any CPU.Build.0 = Release|Any CPU
		{05C4C1DE-EA35-4162-8681-D2AD313A40A5}.Debug|Any CPU.ActiveCfg = Debug|Any CPU
		{05C4C1DE-EA35-4162-8681-D2AD313A40A5}.Debug|Any CPU.Build.0 = Debug|Any CPU
		{05C4C1DE-EA35-4162-8681-D2AD313A40A5}.Release|Any CPU.ActiveCfg = Release|Any CPU
		{05C4C1DE-EA35-4162-8681-D2AD313A40A5}.Release|Any CPU.Build.0 = Release|Any CPU
		{DA7D3C1B-D90E-416D-A39C-478CF2BF129B}.Debug|Any CPU.ActiveCfg = Debug|Any CPU
		{DA7D3C1B-D90E-416D-A39C-478CF2BF129B}.Debug|Any CPU.Build.0 = Debug|Any CPU
		{DA7D3C1B-D90E-416D-A39C-478CF2BF129B}.Release|Any CPU.ActiveCfg = Release|Any CPU
		{DA7D3C1B-D90E-416D-A39C-478CF2BF129B}.Release|Any CPU.Build.0 = Release|Any CPU
		{2B7C3D30-51A5-48FA-8072-B18C74DC4A32}.Debug|Any CPU.ActiveCfg = Debug|Any CPU
		{2B7C3D30-51A5-48FA-8072-B18C74DC4A32}.Debug|Any CPU.Build.0 = Debug|Any CPU
		{2B7C3D30-51A5-48FA-8072-B18C74DC4A32}.Release|Any CPU.ActiveCfg = Release|Any CPU
		{2B7C3D30-51A5-48FA-8072-B18C74DC4A32}.Release|Any CPU.Build.0 = Release|Any CPU
		{3E24CDCF-C2AE-4B99-BB48-CAC240020119}.Debug|Any CPU.ActiveCfg = Debug|Any CPU
		{3E24CDCF-C2AE-4B99-BB48-CAC240020119}.Debug|Any CPU.Build.0 = Debug|Any CPU
		{3E24CDCF-C2AE-4B99-BB48-CAC240020119}.Release|Any CPU.ActiveCfg = Release|Any CPU
		{3E24CDCF-C2AE-4B99-BB48-CAC240020119}.Release|Any CPU.Build.0 = Release|Any CPU
		{5154E246-EE44-4CA9-BE72-0FD17F7E367A}.Debug|Any CPU.ActiveCfg = Debug|Any CPU
		{5154E246-EE44-4CA9-BE72-0FD17F7E367A}.Debug|Any CPU.Build.0 = Debug|Any CPU
		{5154E246-EE44-4CA9-BE72-0FD17F7E367A}.Release|Any CPU.ActiveCfg = Release|Any CPU
		{5154E246-EE44-4CA9-BE72-0FD17F7E367A}.Release|Any CPU.Build.0 = Release|Any CPU
		{552A6C56-F38A-489F-AD8C-9A4F825C91DB}.Debug|Any CPU.ActiveCfg = Debug|Any CPU
		{552A6C56-F38A-489F-AD8C-9A4F825C91DB}.Debug|Any CPU.Build.0 = Debug|Any CPU
		{552A6C56-F38A-489F-AD8C-9A4F825C91DB}.Release|Any CPU.ActiveCfg = Release|Any CPU
		{552A6C56-F38A-489F-AD8C-9A4F825C91DB}.Release|Any CPU.Build.0 = Release|Any CPU
		{70E61A24-1D00-46CC-B32F-F1F430FF820D}.Debug|Any CPU.ActiveCfg = Debug|Any CPU
		{70E61A24-1D00-46CC-B32F-F1F430FF820D}.Debug|Any CPU.Build.0 = Debug|Any CPU
		{70E61A24-1D00-46CC-B32F-F1F430FF820D}.Release|Any CPU.ActiveCfg = Release|Any CPU
		{70E61A24-1D00-46CC-B32F-F1F430FF820D}.Release|Any CPU.Build.0 = Release|Any CPU
		{3EE86E6C-A06A-4B06-88C7-6BBC685BB16B}.Debug|Any CPU.ActiveCfg = Debug|Any CPU
		{3EE86E6C-A06A-4B06-88C7-6BBC685BB16B}.Debug|Any CPU.Build.0 = Debug|Any CPU
		{3EE86E6C-A06A-4B06-88C7-6BBC685BB16B}.Release|Any CPU.ActiveCfg = Release|Any CPU
		{3EE86E6C-A06A-4B06-88C7-6BBC685BB16B}.Release|Any CPU.Build.0 = Release|Any CPU
		{444C7E3A-43F1-4D12-89EE-95D0982788AF}.Debug|Any CPU.ActiveCfg = Debug|Any CPU
		{444C7E3A-43F1-4D12-89EE-95D0982788AF}.Debug|Any CPU.Build.0 = Debug|Any CPU
		{444C7E3A-43F1-4D12-89EE-95D0982788AF}.Release|Any CPU.ActiveCfg = Release|Any CPU
		{444C7E3A-43F1-4D12-89EE-95D0982788AF}.Release|Any CPU.Build.0 = Release|Any CPU
		{1A5365B4-001A-4106-A665-98E8D12F8C9E}.Debug|Any CPU.ActiveCfg = Debug|Any CPU
		{1A5365B4-001A-4106-A665-98E8D12F8C9E}.Debug|Any CPU.Build.0 = Debug|Any CPU
		{1A5365B4-001A-4106-A665-98E8D12F8C9E}.Release|Any CPU.ActiveCfg = Release|Any CPU
		{1A5365B4-001A-4106-A665-98E8D12F8C9E}.Release|Any CPU.Build.0 = Release|Any CPU
		{19977EDC-3836-4C4D-8BC7-E85C9D5D9D30}.Debug|Any CPU.ActiveCfg = Debug|Any CPU
		{19977EDC-3836-4C4D-8BC7-E85C9D5D9D30}.Debug|Any CPU.Build.0 = Debug|Any CPU
		{19977EDC-3836-4C4D-8BC7-E85C9D5D9D30}.Release|Any CPU.ActiveCfg = Release|Any CPU
		{19977EDC-3836-4C4D-8BC7-E85C9D5D9D30}.Release|Any CPU.Build.0 = Release|Any CPU
	EndGlobalSection
	GlobalSection(SolutionProperties) = preSolution
		HideSolutionNode = FALSE
	EndGlobalSection
	GlobalSection(ExtensibilityGlobals) = postSolution
		SolutionGuid = {96FF285D-23B2-4A00-BFBF-99E935300096}
	EndGlobalSection
EndGlobal
