
Microsoft Visual Studio Solution File, Format Version 12.00
# Visual Studio Version 17
VisualStudioVersion = 17.10.35004.147
MinimumVisualStudioVersion = 10.0.40219.1
Project("{FAE04EC0-301F-11D3-BF4B-00C04F79EFBC}") = "CSharpBasics_T001", "CSharpBasics_T001\CSharpBasics_T001.csproj", "{01512C98-D4FA-4067-AC58-CC754B68DB02}"
EndProject
Project("{FAE04EC0-301F-11D3-BF4B-00C04F79EFBC}") = "CSharpBasics_T002", "CSharpBasics_T002\CSharpBasics_T002.csproj", "{255FA531-F978-4083-A1C2-3E14C5664F37}"
EndProject
Project("{FAE04EC0-301F-11D3-BF4B-00C04F79EFBC}") = "CSharpBasics_T003", "CSharpBasics_T003\CSharpBasics_T003.csproj", "{C41BDEAA-8840-4125-8E50-6DBA1C177C94}"
EndProject
Project("{FAE04EC0-301F-11D3-BF4B-00C04F79EFBC}") = "CSharpBasics_T004", "CSharpBasics_T004\CSharpBasics_T004.csproj", "{3A3BBEED-0AF5-4543-BCBB-E53E4B3B63AA}"
EndProject
Project("{FAE04EC0-301F-11D3-BF4B-00C04F79EFBC}") = "CSharpBasics_T005", "CSharpBasics_T005\CSharpBasics_T005.csproj", "{93F29B25-5CE7-4C75-8E30-00378911B36E}"
EndProject
Project("{FAE04EC0-301F-11D3-BF4B-00C04F79EFBC}") = "CSharpBasics_T006", "CSharpBasics_T006\CSharpBasics_T006.csproj", "{7D03EDDD-4509-4DF3-84D2-3BB91A02576C}"
EndProject
Project("{FAE04EC0-301F-11D3-BF4B-00C04F79EFBC}") = "CSharpBasics_T007", "CSharpBasics_T007\CSharpBasics_T007.csproj", "{E5347EAE-6C5C-4918-B4D2-5EEB939D6BE6}"
EndProject
Project("{FAE04EC0-301F-11D3-BF4B-00C04F79EFBC}") = "CSharpBasics_T008", "CSharpBasics_T008\CSharpBasics_T008.csproj", "{8BD13206-8DD0-4083-9F6A-EC70A7A00130}"
EndProject
Project("{FAE04EC0-301F-11D3-BF4B-00C04F79EFBC}") = "CSharpBasics_T009", "CSharpBasics_T009\CSharpBasics_T009.csproj", "{6D86446C-2595-445B-8757-92A91A298DDF}"
EndProject
Project("{FAE04EC0-301F-11D3-BF4B-00C04F79EFBC}") = "CSharpBasics_T010", "CSharpBasics_T010\CSharpBasics_T010.csproj", "{5A4C616C-882A-4D8E-A06A-85B4B698EC00}"
EndProject
Project("{FAE04EC0-301F-11D3-BF4B-00C04F79EFBC}") = "CSharpBasics_T011", "CSharpBasics_T011\CSharpBasics_T011.csproj", "{EB54B398-C5D2-4B82-9A3D-F3D66D75474A}"
EndProject
Project("{FAE04EC0-301F-11D3-BF4B-00C04F79EFBC}") = "CSharpBasics_T012", "CSharpBasics_T012\CSharpBasics_T012.csproj", "{D8E923D1-470C-4D6D-80DE-F782BBE9C326}"
EndProject
Project("{FAE04EC0-301F-11D3-BF4B-00C04F79EFBC}") = "CSharpBasics_T013", "CSharpBasics_T013\CSharpBasics_T013.csproj", "{147989D3-DCBC-41AD-BD15-298A42DE88B7}"
EndProject
Project("{FAE04EC0-301F-11D3-BF4B-00C04F79EFBC}") = "CSharpBasics_T014", "CSharpBasics_T014\CSharpBasics_T014.csproj", "{ED3F9A0D-2510-453C-9017-055BC4C4182B}"
EndProject
Project("{FAE04EC0-301F-11D3-BF4B-00C04F79EFBC}") = "CSharpBasics_T015", "CSharpBasics_T015\CSharpBasics_T015.csproj", "{703F042E-7361-46A1-8C1A-4145DBF99102}"
EndProject
Project("{FAE04EC0-301F-11D3-BF4B-00C04F79EFBC}") = "CSharpBasics_T016", "CSharpBasics_T016\CSharpBasics_T016.csproj", "{F5651C13-0880-4BF8-B67E-6E22A07CAE8E}"
EndProject
Project("{FAE04EC0-301F-11D3-BF4B-00C04F79EFBC}") = "CSharpBasics_T017", "CSharpBasics_T017\CSharpBasics_T017.csproj", "{65F2138A-3E16-4951-8D35-5CF514FF067E}"
EndProject
Project("{FAE04EC0-301F-11D3-BF4B-00C04F79EFBC}") = "CSharpBasics_T018", "CSharpBasics_T018\CSharpBasics_T018.csproj", "{4E7472D2-BD0B-4628-96FD-3453EC03B688}"
EndProject
Project("{FAE04EC0-301F-11D3-BF4B-00C04F79EFBC}") = "CSharpBasics_T019", "CSharpBasics_T019\CSharpBasics_T019.csproj", "{902FC583-F556-489A-B16F-B878FBB3C5E2}"
EndProject
Project("{FAE04EC0-301F-11D3-BF4B-00C04F79EFBC}") = "CSharpBasics_T020", "CSharpBasics_T020\CSharpBasics_T020.csproj", "{925C5A2E-CDD1-4D7C-9D54-827DCE5D0BC3}"
EndProject
Global
	GlobalSection(SolutionConfigurationPlatforms) = preSolution
		Debug|Any CPU = Debug|Any CPU
		Release|Any CPU = Release|Any CPU
	EndGlobalSection
	GlobalSection(ProjectConfigurationPlatforms) = postSolution
		{01512C98-D4FA-4067-AC58-CC754B68DB02}.Debug|Any CPU.ActiveCfg = Debug|Any CPU
		{01512C98-D4FA-4067-AC58-CC754B68DB02}.Debug|Any CPU.Build.0 = Debug|Any CPU
		{01512C98-D4FA-4067-AC58-CC754B68DB02}.Release|Any CPU.ActiveCfg = Release|Any CPU
		{01512C98-D4FA-4067-AC58-CC754B68DB02}.Release|Any CPU.Build.0 = Release|Any CPU
		{255FA531-F978-4083-A1C2-3E14C5664F37}.Debug|Any CPU.ActiveCfg = Debug|Any CPU
		{255FA531-F978-4083-A1C2-3E14C5664F37}.Debug|Any CPU.Build.0 = Debug|Any CPU
		{255FA531-F978-4083-A1C2-3E14C5664F37}.Release|Any CPU.ActiveCfg = Release|Any CPU
		{255FA531-F978-4083-A1C2-3E14C5664F37}.Release|Any CPU.Build.0 = Release|Any CPU
		{C41BDEAA-8840-4125-8E50-6DBA1C177C94}.Debug|Any CPU.ActiveCfg = Debug|Any CPU
		{C41BDEAA-8840-4125-8E50-6DBA1C177C94}.Debug|Any CPU.Build.0 = Debug|Any CPU
		{C41BDEAA-8840-4125-8E50-6DBA1C177C94}.Release|Any CPU.ActiveCfg = Release|Any CPU
		{C41BDEAA-8840-4125-8E50-6DBA1C177C94}.Release|Any CPU.Build.0 = Release|Any CPU
		{3A3BBEED-0AF5-4543-BCBB-E53E4B3B63AA}.Debug|Any CPU.ActiveCfg = Debug|Any CPU
		{3A3BBEED-0AF5-4543-BCBB-E53E4B3B63AA}.Debug|Any CPU.Build.0 = Debug|Any CPU
		{3A3BBEED-0AF5-4543-BCBB-E53E4B3B63AA}.Release|Any CPU.ActiveCfg = Release|Any CPU
		{3A3BBEED-0AF5-4543-BCBB-E53E4B3B63AA}.Release|Any CPU.Build.0 = Release|Any CPU
		{93F29B25-5CE7-4C75-8E30-00378911B36E}.Debug|Any CPU.ActiveCfg = Debug|Any CPU
		{93F29B25-5CE7-4C75-8E30-00378911B36E}.Debug|Any CPU.Build.0 = Debug|Any CPU
		{93F29B25-5CE7-4C75-8E30-00378911B36E}.Release|Any CPU.ActiveCfg = Release|Any CPU
		{93F29B25-5CE7-4C75-8E30-00378911B36E}.Release|Any CPU.Build.0 = Release|Any CPU
		{7D03EDDD-4509-4DF3-84D2-3BB91A02576C}.Debug|Any CPU.ActiveCfg = Debug|Any CPU
		{7D03EDDD-4509-4DF3-84D2-3BB91A02576C}.Debug|Any CPU.Build.0 = Debug|Any CPU
		{7D03EDDD-4509-4DF3-84D2-3BB91A02576C}.Release|Any CPU.ActiveCfg = Release|Any CPU
		{7D03EDDD-4509-4DF3-84D2-3BB91A02576C}.Release|Any CPU.Build.0 = Release|Any CPU
		{E5347EAE-6C5C-4918-B4D2-5EEB939D6BE6}.Debug|Any CPU.ActiveCfg = Debug|Any CPU
		{E5347EAE-6C5C-4918-B4D2-5EEB939D6BE6}.Debug|Any CPU.Build.0 = Debug|Any CPU
		{E5347EAE-6C5C-4918-B4D2-5EEB939D6BE6}.Release|Any CPU.ActiveCfg = Release|Any CPU
		{E5347EAE-6C5C-4918-B4D2-5EEB939D6BE6}.Release|Any CPU.Build.0 = Release|Any CPU
		{8BD13206-8DD0-4083-9F6A-EC70A7A00130}.Debug|Any CPU.ActiveCfg = Debug|Any CPU
		{8BD13206-8DD0-4083-9F6A-EC70A7A00130}.Debug|Any CPU.Build.0 = Debug|Any CPU
		{8BD13206-8DD0-4083-9F6A-EC70A7A00130}.Release|Any CPU.ActiveCfg = Release|Any CPU
		{8BD13206-8DD0-4083-9F6A-EC70A7A00130}.Release|Any CPU.Build.0 = Release|Any CPU
		{6D86446C-2595-445B-8757-92A91A298DDF}.Debug|Any CPU.ActiveCfg = Debug|Any CPU
		{6D86446C-2595-445B-8757-92A91A298DDF}.Debug|Any CPU.Build.0 = Debug|Any CPU
		{6D86446C-2595-445B-8757-92A91A298DDF}.Release|Any CPU.ActiveCfg = Release|Any CPU
		{6D86446C-2595-445B-8757-92A91A298DDF}.Release|Any CPU.Build.0 = Release|Any CPU
		{5A4C616C-882A-4D8E-A06A-85B4B698EC00}.Debug|Any CPU.ActiveCfg = Debug|Any CPU
		{5A4C616C-882A-4D8E-A06A-85B4B698EC00}.Debug|Any CPU.Build.0 = Debug|Any CPU
		{5A4C616C-882A-4D8E-A06A-85B4B698EC00}.Release|Any CPU.ActiveCfg = Release|Any CPU
		{5A4C616C-882A-4D8E-A06A-85B4B698EC00}.Release|Any CPU.Build.0 = Release|Any CPU
		{EB54B398-C5D2-4B82-9A3D-F3D66D75474A}.Debug|Any CPU.ActiveCfg = Debug|Any CPU
		{EB54B398-C5D2-4B82-9A3D-F3D66D75474A}.Debug|Any CPU.Build.0 = Debug|Any CPU
		{EB54B398-C5D2-4B82-9A3D-F3D66D75474A}.Release|Any CPU.ActiveCfg = Release|Any CPU
		{EB54B398-C5D2-4B82-9A3D-F3D66D75474A}.Release|Any CPU.Build.0 = Release|Any CPU
		{D8E923D1-470C-4D6D-80DE-F782BBE9C326}.Debug|Any CPU.ActiveCfg = Debug|Any CPU
		{D8E923D1-470C-4D6D-80DE-F782BBE9C326}.Debug|Any CPU.Build.0 = Debug|Any CPU
		{D8E923D1-470C-4D6D-80DE-F782BBE9C326}.Release|Any CPU.ActiveCfg = Release|Any CPU
		{D8E923D1-470C-4D6D-80DE-F782BBE9C326}.Release|Any CPU.Build.0 = Release|Any CPU
		{147989D3-DCBC-41AD-BD15-298A42DE88B7}.Debug|Any CPU.ActiveCfg = Debug|Any CPU
		{147989D3-DCBC-41AD-BD15-298A42DE88B7}.Debug|Any CPU.Build.0 = Debug|Any CPU
		{147989D3-DCBC-41AD-BD15-298A42DE88B7}.Release|Any CPU.ActiveCfg = Release|Any CPU
		{147989D3-DCBC-41AD-BD15-298A42DE88B7}.Release|Any CPU.Build.0 = Release|Any CPU
		{ED3F9A0D-2510-453C-9017-055BC4C4182B}.Debug|Any CPU.ActiveCfg = Debug|Any CPU
		{ED3F9A0D-2510-453C-9017-055BC4C4182B}.Debug|Any CPU.Build.0 = Debug|Any CPU
		{ED3F9A0D-2510-453C-9017-055BC4C4182B}.Release|Any CPU.ActiveCfg = Release|Any CPU
		{ED3F9A0D-2510-453C-9017-055BC4C4182B}.Release|Any CPU.Build.0 = Release|Any CPU
		{703F042E-7361-46A1-8C1A-4145DBF99102}.Debug|Any CPU.ActiveCfg = Debug|Any CPU
		{703F042E-7361-46A1-8C1A-4145DBF99102}.Debug|Any CPU.Build.0 = Debug|Any CPU
		{703F042E-7361-46A1-8C1A-4145DBF99102}.Release|Any CPU.ActiveCfg = Release|Any CPU
		{703F042E-7361-46A1-8C1A-4145DBF99102}.Release|Any CPU.Build.0 = Release|Any CPU
		{F5651C13-0880-4BF8-B67E-6E22A07CAE8E}.Debug|Any CPU.ActiveCfg = Debug|Any CPU
		{F5651C13-0880-4BF8-B67E-6E22A07CAE8E}.Debug|Any CPU.Build.0 = Debug|Any CPU
		{F5651C13-0880-4BF8-B67E-6E22A07CAE8E}.Release|Any CPU.ActiveCfg = Release|Any CPU
		{F5651C13-0880-4BF8-B67E-6E22A07CAE8E}.Release|Any CPU.Build.0 = Release|Any CPU
		{65F2138A-3E16-4951-8D35-5CF514FF067E}.Debug|Any CPU.ActiveCfg = Debug|Any CPU
		{65F2138A-3E16-4951-8D35-5CF514FF067E}.Debug|Any CPU.Build.0 = Debug|Any CPU
		{65F2138A-3E16-4951-8D35-5CF514FF067E}.Release|Any CPU.ActiveCfg = Release|Any CPU
		{65F2138A-3E16-4951-8D35-5CF514FF067E}.Release|Any CPU.Build.0 = Release|Any CPU
		{4E7472D2-BD0B-4628-96FD-3453EC03B688}.Debug|Any CPU.ActiveCfg = Debug|Any CPU
		{4E7472D2-BD0B-4628-96FD-3453EC03B688}.Debug|Any CPU.Build.0 = Debug|Any CPU
		{4E7472D2-BD0B-4628-96FD-3453EC03B688}.Release|Any CPU.ActiveCfg = Release|Any CPU
		{4E7472D2-BD0B-4628-96FD-3453EC03B688}.Release|Any CPU.Build.0 = Release|Any CPU
		{902FC583-F556-489A-B16F-B878FBB3C5E2}.Debug|Any CPU.ActiveCfg = Debug|Any CPU
		{902FC583-F556-489A-B16F-B878FBB3C5E2}.Debug|Any CPU.Build.0 = Debug|Any CPU
		{902FC583-F556-489A-B16F-B878FBB3C5E2}.Release|Any CPU.ActiveCfg = Release|Any CPU
		{902FC583-F556-489A-B16F-B878FBB3C5E2}.Release|Any CPU.Build.0 = Release|Any CPU
		{925C5A2E-CDD1-4D7C-9D54-827DCE5D0BC3}.Debug|Any CPU.ActiveCfg = Debug|Any CPU
		{925C5A2E-CDD1-4D7C-9D54-827DCE5D0BC3}.Debug|Any CPU.Build.0 = Debug|Any CPU
		{925C5A2E-CDD1-4D7C-9D54-827DCE5D0BC3}.Release|Any CPU.ActiveCfg = Release|Any CPU
		{925C5A2E-CDD1-4D7C-9D54-827DCE5D0BC3}.Release|Any CPU.Build.0 = Release|Any CPU
	EndGlobalSection
	GlobalSection(SolutionProperties) = preSolution
		HideSolutionNode = FALSE
	EndGlobalSection
	GlobalSection(ExtensibilityGlobals) = postSolution
		SolutionGuid = {96FF285D-23B2-4A00-BFBF-99E935300096}
	EndGlobalSection
EndGlobal
